
Microsoft Visual Studio Solution File, Format Version 12.00
# Visual Studio 15
VisualStudioVersion = 15.0.28307.1022
MinimumVisualStudioVersion = 10.0.40219.1
Project("{2150E333-8FDC-42A3-9474-1A3956D46DE8}") = "Domain", "Domain", "{0022E449-6D77-47F1-A069-CF697AC0D4DC}"
EndProject
Project("{2150E333-8FDC-42A3-9474-1A3956D46DE8}") = "Infra.Bus", "Infra.Bus", "{25857978-00D6-43D7-B17E-F200ECA5C4BA}"
EndProject
Project("{2150E333-8FDC-42A3-9474-1A3956D46DE8}") = "Infra.IOC", "Infra.IOC", "{969DACB2-AA72-472C-911B-136ACC913762}"
EndProject
Project("{2150E333-8FDC-42A3-9474-1A3956D46DE8}") = "Microservices", "Microservices", "{327F4EA5-239B-4611-A25E-F25764FD37C4}"
EndProject
Project("{2150E333-8FDC-42A3-9474-1A3956D46DE8}") = "Persentation", "Persentation", "{452CFE03-3EFF-497F-86C7-A36881BFF16A}"
EndProject
Project("{FAE04EC0-301F-11D3-BF4B-00C04F79EFBC}") = "MircroRabbit.Domain.Core", "MircroRabbit.Domain.Core\MircroRabbit.Domain.Core.csproj", "{57BBA380-EA9D-49C2-9D36-A27D31501E7B}"
EndProject
Project("{FAE04EC0-301F-11D3-BF4B-00C04F79EFBC}") = "MicroRabbit.Infrastructure.bus", "MicroRabbit.Infrastructure.bus\MicroRabbit.Infrastructure.bus.csproj", "{1180E49F-8428-406B-B00A-A40757634F00}"
EndProject
Project("{FAE04EC0-301F-11D3-BF4B-00C04F79EFBC}") = "MicroRabbit.Infra.IoC", "MicroRabbit.Infra.IoC\MicroRabbit.Infra.IoC.csproj", "{33F31A36-E993-439F-B7F7-C43A6D8EEA1E}"
EndProject
Global
	GlobalSection(SolutionConfigurationPlatforms) = preSolution
		Debug|Any CPU = Debug|Any CPU
		Release|Any CPU = Release|Any CPU
	EndGlobalSection
	GlobalSection(ProjectConfigurationPlatforms) = postSolution
		{57BBA380-EA9D-49C2-9D36-A27D31501E7B}.Debug|Any CPU.ActiveCfg = Debug|Any CPU
		{57BBA380-EA9D-49C2-9D36-A27D31501E7B}.Debug|Any CPU.Build.0 = Debug|Any CPU
		{57BBA380-EA9D-49C2-9D36-A27D31501E7B}.Release|Any CPU.ActiveCfg = Release|Any CPU
		{57BBA380-EA9D-49C2-9D36-A27D31501E7B}.Release|Any CPU.Build.0 = Release|Any CPU
		{1180E49F-8428-406B-B00A-A40757634F00}.Debug|Any CPU.ActiveCfg = Debug|Any CPU
		{1180E49F-8428-406B-B00A-A40757634F00}.Debug|Any CPU.Build.0 = Debug|Any CPU
		{1180E49F-8428-406B-B00A-A40757634F00}.Release|Any CPU.ActiveCfg = Release|Any CPU
		{1180E49F-8428-406B-B00A-A40757634F00}.Release|Any CPU.Build.0 = Release|Any CPU
		{33F31A36-E993-439F-B7F7-C43A6D8EEA1E}.Debug|Any CPU.ActiveCfg = Debug|Any CPU
		{33F31A36-E993-439F-B7F7-C43A6D8EEA1E}.Debug|Any CPU.Build.0 = Debug|Any CPU
		{33F31A36-E993-439F-B7F7-C43A6D8EEA1E}.Release|Any CPU.ActiveCfg = Release|Any CPU
		{33F31A36-E993-439F-B7F7-C43A6D8EEA1E}.Release|Any CPU.Build.0 = Release|Any CPU
	EndGlobalSection
	GlobalSection(SolutionProperties) = preSolution
		HideSolutionNode = FALSE
	EndGlobalSection
	GlobalSection(NestedProjects) = preSolution
		{57BBA380-EA9D-49C2-9D36-A27D31501E7B} = {0022E449-6D77-47F1-A069-CF697AC0D4DC}
		{1180E49F-8428-406B-B00A-A40757634F00} = {25857978-00D6-43D7-B17E-F200ECA5C4BA}
		{33F31A36-E993-439F-B7F7-C43A6D8EEA1E} = {969DACB2-AA72-472C-911B-136ACC913762}
	EndGlobalSection
	GlobalSection(ExtensibilityGlobals) = postSolution
		SolutionGuid = {0BDC9678-0BCA-4805-9DC6-DBBB6826AF7C}
	EndGlobalSection
EndGlobal
